
Microsoft Visual Studio Solution File, Format Version 12.00
# Visual Studio Version 16
VisualStudioVersion = 16.0.32106.194
MinimumVisualStudioVersion = 10.0.40219.1
Project("{FAE04EC0-301F-11D3-BF4B-00C04F79EFBC}") = "HotelBooking.Api", "HotelBooking.Api\HotelBooking.Api.csproj", "{B626568F-EA0F-461D-A67A-54A6D2A0F451}"
EndProject
Project("{FAE04EC0-301F-11D3-BF4B-00C04F79EFBC}") = "HotelBooking.Core", "HotelBooking.Core\HotelBooking.Core.csproj", "{780C63E0-3995-48B8-8583-D7B551D5DD30}"
EndProject
Project("{FAE04EC0-301F-11D3-BF4B-00C04F79EFBC}") = "HotelBooking.Infra", "HotelBooking.Infra\HotelBooking.Infra.csproj", "{22687BE5-7FFA-4801-B37A-A5044A46C1D8}"
EndProject
Global
	GlobalSection(SolutionConfigurationPlatforms) = preSolution
		Debug|Any CPU = Debug|Any CPU
		Release|Any CPU = Release|Any CPU
	EndGlobalSection
	GlobalSection(ProjectConfigurationPlatforms) = postSolution
		{B626568F-EA0F-461D-A67A-54A6D2A0F451}.Debug|Any CPU.ActiveCfg = Debug|Any CPU
		{B626568F-EA0F-461D-A67A-54A6D2A0F451}.Debug|Any CPU.Build.0 = Debug|Any CPU
		{B626568F-EA0F-461D-A67A-54A6D2A0F451}.Release|Any CPU.ActiveCfg = Release|Any CPU
		{B626568F-EA0F-461D-A67A-54A6D2A0F451}.Release|Any CPU.Build.0 = Release|Any CPU
		{780C63E0-3995-48B8-8583-D7B551D5DD30}.Debug|Any CPU.ActiveCfg = Debug|Any CPU
		{780C63E0-3995-48B8-8583-D7B551D5DD30}.Debug|Any CPU.Build.0 = Debug|Any CPU
		{780C63E0-3995-48B8-8583-D7B551D5DD30}.Release|Any CPU.ActiveCfg = Release|Any CPU
		{780C63E0-3995-48B8-8583-D7B551D5DD30}.Release|Any CPU.Build.0 = Release|Any CPU
		{22687BE5-7FFA-4801-B37A-A5044A46C1D8}.Debug|Any CPU.ActiveCfg = Debug|Any CPU
		{22687BE5-7FFA-4801-B37A-A5044A46C1D8}.Debug|Any CPU.Build.0 = Debug|Any CPU
		{22687BE5-7FFA-4801-B37A-A5044A46C1D8}.Release|Any CPU.ActiveCfg = Release|Any CPU
		{22687BE5-7FFA-4801-B37A-A5044A46C1D8}.Release|Any CPU.Build.0 = Release|Any CPU
	EndGlobalSection
	GlobalSection(SolutionProperties) = preSolution
		HideSolutionNode = FALSE
	EndGlobalSection
	GlobalSection(ExtensibilityGlobals) = postSolution
		SolutionGuid = {1A50A63E-EC61-4A1B-A211-DABDA654AC98}
	EndGlobalSection
EndGlobal
